
Microsoft Visual Studio Solution File, Format Version 12.00
# Visual Studio Version 17
VisualStudioVersion = 17.4.33205.214
MinimumVisualStudioVersion = 10.0.40219.1
Project("{FAE04EC0-301F-11D3-BF4B-00C04F79EFBC}") = "ConsoleApp1", "ConsoleApp1.csproj", "{F3858DDF-CABA-4478-9C54-B9EE7A51B1CD}"
EndProject
Global
	GlobalSection(SolutionConfigurationPlatforms) = preSolution
		Debug|Any CPU = Debug|Any CPU
		Release|Any CPU = Release|Any CPU
	EndGlobalSection
	GlobalSection(ProjectConfigurationPlatforms) = postSolution
		{F3858DDF-CABA-4478-9C54-B9EE7A51B1CD}.Debug|Any CPU.ActiveCfg = Debug|Any CPU
		{F3858DDF-CABA-4478-9C54-B9EE7A51B1CD}.Debug|Any CPU.Build.0 = Debug|Any CPU
		{F3858DDF-CABA-4478-9C54-B9EE7A51B1CD}.Release|Any CPU.ActiveCfg = Release|Any CPU
		{F3858DDF-CABA-4478-9C54-B9EE7A51B1CD}.Release|Any CPU.Build.0 = Release|Any CPU
	EndGlobalSection
	GlobalSection(SolutionProperties) = preSolution
		HideSolutionNode = FALSE
	EndGlobalSection
	GlobalSection(ExtensibilityGlobals) = postSolution
		SolutionGuid = {6474BC43-BD8F-4FBC-9BE5-6C012059E641}
	EndGlobalSection
EndGlobal
